
Microsoft Visual Studio Solution File, Format Version 12.00
# Visual Studio Version 17
VisualStudioVersion = 17.9.34728.123
MinimumVisualStudioVersion = 10.0.40219.1
Project("{9A19103F-16F7-4668-BE54-9A1E7A4F7556}") = "Koshelek.Messaging.Web", "Koshelek.Messaging.Web\Koshelek.Messaging.Web.csproj", "{3ADE0150-A72B-4D4D-93D3-7173A212160B}"
EndProject
Project("{9A19103F-16F7-4668-BE54-9A1E7A4F7556}") = "Koshelek.Messaging.Domain", "Koshelek.Messaging.Domain\Koshelek.Messaging.Domain.csproj", "{7A78B72D-96A5-4E9A-8AE8-35676EE5CAD6}"
EndProject
Project("{9A19103F-16F7-4668-BE54-9A1E7A4F7556}") = "Koshelek.Messaging.Infrastructure", "Koshelek.Messaging.Infrastructure\Koshelek.Messaging.Infrastructure.csproj", "{01085BFE-03E9-437C-B3F9-16BD4EC8376B}"
EndProject
Project("{9A19103F-16F7-4668-BE54-9A1E7A4F7556}") = "Koshelek.Messaging.Events", "Koshelek.Messaging.Event\Koshelek.Messaging.Events.csproj", "{62C05BA3-4BFA-4282-A0EF-30C5F1AF1DCC}"
EndProject
Project("{9A19103F-16F7-4668-BE54-9A1E7A4F7556}") = "Koshelek.Messaging.Application", "Koshelek.Messaging.Application\Koshelek.Messaging.Application.csproj", "{A63E5FE0-C79E-4407-B4A4-43C784AFD290}"
EndProject
Project("{9A19103F-16F7-4668-BE54-9A1E7A4F7556}") = "Koshelek.Messaging.Worker", "Koshelek.Messaging.Worker\Koshelek.Messaging.Worker.csproj", "{8622A4FC-82CD-4C0B-B183-7F525CA898DE}"
EndProject
Global
	GlobalSection(SolutionConfigurationPlatforms) = preSolution
		Debug|Any CPU = Debug|Any CPU
		Release|Any CPU = Release|Any CPU
	EndGlobalSection
	GlobalSection(ProjectConfigurationPlatforms) = postSolution
		{3ADE0150-A72B-4D4D-93D3-7173A212160B}.Debug|Any CPU.ActiveCfg = Debug|Any CPU
		{3ADE0150-A72B-4D4D-93D3-7173A212160B}.Debug|Any CPU.Build.0 = Debug|Any CPU
		{3ADE0150-A72B-4D4D-93D3-7173A212160B}.Release|Any CPU.ActiveCfg = Release|Any CPU
		{3ADE0150-A72B-4D4D-93D3-7173A212160B}.Release|Any CPU.Build.0 = Release|Any CPU
		{7A78B72D-96A5-4E9A-8AE8-35676EE5CAD6}.Debug|Any CPU.ActiveCfg = Debug|Any CPU
		{7A78B72D-96A5-4E9A-8AE8-35676EE5CAD6}.Debug|Any CPU.Build.0 = Debug|Any CPU
		{7A78B72D-96A5-4E9A-8AE8-35676EE5CAD6}.Release|Any CPU.ActiveCfg = Release|Any CPU
		{7A78B72D-96A5-4E9A-8AE8-35676EE5CAD6}.Release|Any CPU.Build.0 = Release|Any CPU
		{01085BFE-03E9-437C-B3F9-16BD4EC8376B}.Debug|Any CPU.ActiveCfg = Debug|Any CPU
		{01085BFE-03E9-437C-B3F9-16BD4EC8376B}.Debug|Any CPU.Build.0 = Debug|Any CPU
		{01085BFE-03E9-437C-B3F9-16BD4EC8376B}.Release|Any CPU.ActiveCfg = Release|Any CPU
		{01085BFE-03E9-437C-B3F9-16BD4EC8376B}.Release|Any CPU.Build.0 = Release|Any CPU
		{62C05BA3-4BFA-4282-A0EF-30C5F1AF1DCC}.Debug|Any CPU.ActiveCfg = Debug|Any CPU
		{62C05BA3-4BFA-4282-A0EF-30C5F1AF1DCC}.Debug|Any CPU.Build.0 = Debug|Any CPU
		{62C05BA3-4BFA-4282-A0EF-30C5F1AF1DCC}.Release|Any CPU.ActiveCfg = Release|Any CPU
		{62C05BA3-4BFA-4282-A0EF-30C5F1AF1DCC}.Release|Any CPU.Build.0 = Release|Any CPU
		{A63E5FE0-C79E-4407-B4A4-43C784AFD290}.Debug|Any CPU.ActiveCfg = Debug|Any CPU
		{A63E5FE0-C79E-4407-B4A4-43C784AFD290}.Debug|Any CPU.Build.0 = Debug|Any CPU
		{A63E5FE0-C79E-4407-B4A4-43C784AFD290}.Release|Any CPU.ActiveCfg = Release|Any CPU
		{A63E5FE0-C79E-4407-B4A4-43C784AFD290}.Release|Any CPU.Build.0 = Release|Any CPU
		{8622A4FC-82CD-4C0B-B183-7F525CA898DE}.Debug|Any CPU.ActiveCfg = Debug|Any CPU
		{8622A4FC-82CD-4C0B-B183-7F525CA898DE}.Debug|Any CPU.Build.0 = Debug|Any CPU
		{8622A4FC-82CD-4C0B-B183-7F525CA898DE}.Release|Any CPU.ActiveCfg = Release|Any CPU
		{8622A4FC-82CD-4C0B-B183-7F525CA898DE}.Release|Any CPU.Build.0 = Release|Any CPU
	EndGlobalSection
	GlobalSection(SolutionProperties) = preSolution
		HideSolutionNode = FALSE
	EndGlobalSection
	GlobalSection(ExtensibilityGlobals) = postSolution
		SolutionGuid = {6DC4DDC1-BD41-43D7-8182-A1B5C1B8D80C}
	EndGlobalSection
EndGlobal
